github.com/joho/godotenv v1.3.0 h1:Zjp+RcGpHhGlrMbJzXTrZZPrWj+1vfm90La1wgB6Bhc=
github.com/joho/godotenv v1.3.0/go.mod h1:7hK45KPybAkOC6peb+G5yklZfMxEjkZhHbwpqxOKXbg=
github.com/streadway/amqp v1.0.0 h1:kuuDrUJFZL1QYL9hUNuCxNObNzB0bV/ZG5jV3RWAQgo=
github.com/streadway/amqp v1.0.0/go.mod h1:AZpEONHx3DKn8O/DFsRAY58/XVQiIPMTMB1SddzLXVw=
github.com/wesleywillians/go-rabbitmq v0.0.0-20201027193450-55e6a80937af h1:pE+leqmw6k0BXMHeFwoMQY/6N8rGR6NWYfrYpVTdHY8=
github.com/wesleywillians/go-rabbitmq v0.0.0-20201027193450-55e6a80937af/go.mod h1:a8g6tNV76FrnJSlQDpAeuJ4EA8JvRGSejc8PAkKfro4=
